{
  "pins" : [
    {
      "identity" : "coversheet",
      "kind" : "remoteSourceControl",
      "location" : "https://github.com/colinfwalsh/CoverSheet",
      "state" : {
        "branch" : "main",
        "revision" : "26cef20cb8eb4b862fc792d6f88bfec4735186c6"
      }
    }
  ],
  "version" : 2
}
